
Microsoft Visual Studio Solution File, Format Version 12.00
# Visual Studio Version 17
VisualStudioVersion = 17.7.34202.233
MinimumVisualStudioVersion = 10.0.40219.1
Project("{FAE04EC0-301F-11D3-BF4B-00C04F79EFBC}") = "Zadatak1", "Zadatak1\Zadatak1.csproj", "{230576FE-2725-4920-86BE-D1AA3BB05048}"
EndProject
Project("{FAE04EC0-301F-11D3-BF4B-00C04F79EFBC}") = "Zadatak2", "Zadatak2\Zadatak2.csproj", "{A97F496D-CB40-441E-B40E-0016411E76F8}"
EndProject
Global
	GlobalSection(SolutionConfigurationPlatforms) = preSolution
		Debug|Any CPU = Debug|Any CPU
		Release|Any CPU = Release|Any CPU
	EndGlobalSection
	GlobalSection(ProjectConfigurationPlatforms) = postSolution
		{230576FE-2725-4920-86BE-D1AA3BB05048}.Debug|Any CPU.ActiveCfg = Debug|Any CPU
		{230576FE-2725-4920-86BE-D1AA3BB05048}.Debug|Any CPU.Build.0 = Debug|Any CPU
		{230576FE-2725-4920-86BE-D1AA3BB05048}.Release|Any CPU.ActiveCfg = Release|Any CPU
		{230576FE-2725-4920-86BE-D1AA3BB05048}.Release|Any CPU.Build.0 = Release|Any CPU
		{A97F496D-CB40-441E-B40E-0016411E76F8}.Debug|Any CPU.ActiveCfg = Debug|Any CPU
		{A97F496D-CB40-441E-B40E-0016411E76F8}.Debug|Any CPU.Build.0 = Debug|Any CPU
		{A97F496D-CB40-441E-B40E-0016411E76F8}.Release|Any CPU.ActiveCfg = Release|Any CPU
		{A97F496D-CB40-441E-B40E-0016411E76F8}.Release|Any CPU.Build.0 = Release|Any CPU
	EndGlobalSection
	GlobalSection(SolutionProperties) = preSolution
		HideSolutionNode = FALSE
	EndGlobalSection
	GlobalSection(ExtensibilityGlobals) = postSolution
		SolutionGuid = {19ECAE8D-EA48-4E26-BD9F-0FC363E401E2}
	EndGlobalSection
EndGlobal
